// !$*UTF8*$!
{
	archiveVersion = 1;
	classes = {
	};
	objectVersion = 46;
	objects = {

/* Begin PBXBuildFile section */
		FA72140F1CDC0E5300ADD604 /* main.swift in Sources */ = {isa = PBXBuildFile; fileRef = FA72140E1CDC0E5300ADD604 /* main.swift */; };
		FA7214161CDC0E6700ADD604 /* Game.swift in Sources */ = {isa = PBXBuildFile; fileRef = FA7214151CDC0E6700ADD604 /* Game.swift */; };
		FA7214181CDC114E00ADD604 /* Position.swift in Sources */ = {isa = PBXBuildFile; fileRef = FA7214171CDC114E00ADD604 /* Position.swift */; };
		FA72141A1CDC120500ADD604 /* Board.swift in Sources */ = {isa = PBXBuildFile; fileRef = FA7214191CDC120500ADD604 /* Board.swift */; };
		FA8C698E1CDD5CD00001CD48 /* Int+nthBit.swift in Sources */ = {isa = PBXBuildFile; fileRef = FA8C698D1CDD5CD00001CD48 /* Int+nthBit.swift */; };
		FA8C69901CDD67F50001CD48 /* Token.swift in Sources */ = {isa = PBXBuildFile; fileRef = FA8C698F1CDD67F50001CD48 /* Token.swift */; };
		FA8C69921CDD6CA40001CD48 /* Player.swift in Sources */ = {isa = PBXBuildFile; fileRef = FA8C69911CDD6CA40001CD48 /* Player.swift */; };
		FA8C69941CDD746E0001CD48 /* HumanPlayer.swift in Sources */ = {isa = PBXBuildFile; fileRef = FA8C69931CDD746E0001CD48 /* HumanPlayer.swift */; };
		FA8C69961CDD74730001CD48 /* ComputerPlayer.swift in Sources */ = {isa = PBXBuildFile; fileRef = FA8C69951CDD74730001CD48 /* ComputerPlayer.swift */; };
/* End PBXBuildFile section */

/* Begin PBXCopyFilesBuildPhase section */
		FA7214091CDC0E5300ADD604 /* CopyFiles */ = {
			isa = PBXCopyFilesBuildPhase;
			buildActionMask = 2147483647;
			dstPath = /usr/share/man/man1/;
			dstSubfolderSpec = 0;
			files = (
			);
			runOnlyForDeploymentPostprocessing = 1;
		};
/* End PBXCopyFilesBuildPhase section */

/* Begin PBXFileReference section */
		FA72140B1CDC0E5300ADD604 /* nine-mans-morris */ = {isa = PBXFileReference; explicitFileType = "compiled.mach-o.executable"; includeInIndex = 0; path = "nine-mans-morris"; sourceTree = BUILT_PRODUCTS_DIR; };
		FA72140E1CDC0E5300ADD604 /* main.swift */ = {isa = PBXFileReference; lastKnownFileType = sourcecode.swift; path = main.swift; sourceTree = "<group>"; };
		FA7214151CDC0E6700ADD604 /* Game.swift */ = {isa = PBXFileReference; fileEncoding = 4; lastKnownFileType = sourcecode.swift; path = Game.swift; sourceTree = "<group>"; };
		FA7214171CDC114E00ADD604 /* Position.swift */ = {isa = PBXFileReference; fileEncoding = 4; lastKnownFileType = sourcecode.swift; path = Position.swift; sourceTree = "<group>"; };
		FA7214191CDC120500ADD604 /* Board.swift */ = {isa = PBXFileReference; fileEncoding = 4; lastKnownFileType = sourcecode.swift; path = Board.swift; sourceTree = "<group>"; };
		FA8C698D1CDD5CD00001CD48 /* Int+nthBit.swift */ = {isa = PBXFileReference; fileEncoding = 4; lastKnownFileType = sourcecode.swift; path = "Int+nthBit.swift"; sourceTree = "<group>"; };
		FA8C698F1CDD67F50001CD48 /* Token.swift */ = {isa = PBXFileReference; fileEncoding = 4; lastKnownFileType = sourcecode.swift; path = Token.swift; sourceTree = "<group>"; };
		FA8C69911CDD6CA40001CD48 /* Player.swift */ = {isa = PBXFileReference; fileEncoding = 4; lastKnownFileType = sourcecode.swift; path = Player.swift; sourceTree = "<group>"; };
		FA8C69931CDD746E0001CD48 /* HumanPlayer.swift */ = {isa = PBXFileReference; fileEncoding = 4; lastKnownFileType = sourcecode.swift; path = HumanPlayer.swift; sourceTree = "<group>"; };
		FA8C69951CDD74730001CD48 /* ComputerPlayer.swift */ = {isa = PBXFileReference; fileEncoding = 4; lastKnownFileType = sourcecode.swift; path = ComputerPlayer.swift; sourceTree = "<group>"; };
/* End PBXFileReference section */

/* Begin PBXFrameworksBuildPhase section */
		FA7214081CDC0E5300ADD604 /* Frameworks */ = {
			isa = PBXFrameworksBuildPhase;
			buildActionMask = 2147483647;
			files = (
			);
			runOnlyForDeploymentPostprocessing = 0;
		};
/* End PBXFrameworksBuildPhase section */

/* Begin PBXGroup section */
		FA7214021CDC0E5300ADD604 = {
			isa = PBXGroup;
			children = (
				FA72140D1CDC0E5300ADD604 /* nine-mans-morris */,
				FA72140C1CDC0E5300ADD604 /* Products */,
			);
			sourceTree = "<group>";
		};
		FA72140C1CDC0E5300ADD604 /* Products */ = {
			isa = PBXGroup;
			children = (
				FA72140B1CDC0E5300ADD604 /* nine-mans-morris */,
			);
			name = Products;
			sourceTree = "<group>";
		};
		FA72140D1CDC0E5300ADD604 /* nine-mans-morris */ = {
			isa = PBXGroup;
			children = (
				FA8C69911CDD6CA40001CD48 /* Player.swift */,
				FA8C69931CDD746E0001CD48 /* HumanPlayer.swift */,
				FA8C69951CDD74730001CD48 /* ComputerPlayer.swift */,
				FA8C698F1CDD67F50001CD48 /* Token.swift */,
				FA7214191CDC120500ADD604 /* Board.swift */,
				FA7214171CDC114E00ADD604 /* Position.swift */,
				FA72140E1CDC0E5300ADD604 /* main.swift */,
				FA7214151CDC0E6700ADD604 /* Game.swift */,
				FA8C698D1CDD5CD00001CD48 /* Int+nthBit.swift */,
			);
			path = "nine-mans-morris";
			sourceTree = "<group>";
		};
/* End PBXGroup section */

/* Begin PBXNativeTarget section */
		FA72140A1CDC0E5300ADD604 /* nine-mans-morris */ = {
			isa = PBXNativeTarget;
			buildConfigurationList = FA7214121CDC0E5300ADD604 /* Build configuration list for PBXNativeTarget "nine-mans-morris" */;
			buildPhases = (
				FA7214071CDC0E5300ADD604 /* Sources */,
				FA7214081CDC0E5300ADD604 /* Frameworks */,
				FA7214091CDC0E5300ADD604 /* CopyFiles */,
			);
			buildRules = (
			);
			dependencies = (
			);
			name = "nine-mans-morris";
			productName = "nine-mans-morris";
			productReference = FA72140B1CDC0E5300ADD604 /* nine-mans-morris */;
			productType = "com.apple.product-type.tool";
		};
/* End PBXNativeTarget section */

/* Begin PBXProject section */
		FA7214031CDC0E5300ADD604 /* Project object */ = {
			isa = PBXProject;
			attributes = {
				LastSwiftUpdateCheck = 0730;
				LastUpgradeCheck = 0730;
				ORGANIZATIONNAME = Alex;
				TargetAttributes = {
					FA72140A1CDC0E5300ADD604 = {
						CreatedOnToolsVersion = 7.3;
					};
				};
			};
			buildConfigurationList = FA7214061CDC0E5300ADD604 /* Build configuration list for PBXProject "nine-mans-morris" */;
			compatibilityVersion = "Xcode 3.2";
			developmentRegion = English;
			hasScannedForEncodings = 0;
			knownRegions = (
				en,
			);
			mainGroup = FA7214021CDC0E5300ADD604;
			productRefGroup = FA72140C1CDC0E5300ADD604 /* Products */;
			projectDirPath = "";
			projectRoot = "";
			targets = (
				FA72140A1CDC0E5300ADD604 /* nine-mans-morris */,
			);
		};
/* End PBXProject section */

/* Begin PBXSourcesBuildPhase section */
		FA7214071CDC0E5300ADD604 /* Sources */ = {
			isa = PBXSourcesBuildPhase;
			buildActionMask = 2147483647;
			files = (
				FA72140F1CDC0E5300ADD604 /* main.swift in Sources */,
				FA8C69901CDD67F50001CD48 /* Token.swift in Sources */,
				FA8C69961CDD74730001CD48 /* ComputerPlayer.swift in Sources */,
				FA8C69941CDD746E0001CD48 /* HumanPlayer.swift in Sources */,
				FA7214161CDC0E6700ADD604 /* Game.swift in Sources */,
				FA8C698E1CDD5CD00001CD48 /* Int+nthBit.swift in Sources */,
				FA8C69921CDD6CA40001CD48 /* Player.swift in Sources */,
				FA72141A1CDC120500ADD604 /* Board.swift in Sources */,
				FA7214181CDC114E00ADD604 /* Position.swift in Sources */,
			);
			runOnlyForDeploymentPostprocessing = 0;
		};
/* End PBXSourcesBuildPhase section */

/* Begin XCBuildConfiguration section */
		FA7214101CDC0E5300ADD604 /* Debug */ = {
			isa = XCBuildConfiguration;
			buildSettings = {
				ALWAYS_SEARCH_USER_PATHS = NO;
				CLANG_ANALYZER_NONNULL = YES;
				CLANG_CXX_LANGUAGE_STANDARD = "gnu++0x";
				CLANG_CXX_LIBRARY = "libc++";
				CLANG_ENABLE_MODULES = YES;
				CLANG_ENABLE_OBJC_ARC = YES;
				CLANG_WARN_BOOL_CONVERSION = YES;
				CLANG_WARN_CONSTANT_CONVERSION = YES;
				CLANG_WARN_DIRECT_OBJC_ISA_USAGE = YES_ERROR;
				CLANG_WARN_EMPTY_BODY = YES;
				CLANG_WARN_ENUM_CONVERSION = YES;
				CLANG_WARN_INT_CONVERSION = YES;
				CLANG_WARN_OBJC_ROOT_CLASS = YES_ERROR;
				CLANG_WARN_UNREACHABLE_CODE = YES;
				CLANG_WARN__DUPLICATE_METHOD_MATCH = YES;
				CODE_SIGN_IDENTITY = "-";
				COPY_PHASE_STRIP = NO;
				DEBUG_INFORMATION_FORMAT = dwarf;
				ENABLE_STRICT_OBJC_MSGSEND = YES;
				ENABLE_TESTABILITY = YES;
				GCC_C_LANGUAGE_STANDARD = gnu99;
				GCC_DYNAMIC_NO_PIC = NO;
				GCC_NO_COMMON_BLOCKS = YES;
				GCC_OPTIMIZATION_LEVEL = 0;
				GCC_PREPROCESSOR_DEFINITIONS = (
					"DEBUG=1",
					"$(inherited)",
				);
				GCC_WARN_64_TO_32_BIT_CONVERSION = YES;
				GCC_WARN_ABOUT_RETURN_TYPE = YES_ERROR;
				GCC_WARN_UNDECLARED_SELECTOR = YES;
				GCC_WARN_UNINITIALIZED_AUTOS = YES_AGGRESSIVE;
				GCC_WARN_UNUSED_FUNCTION = YES;
				GCC_WARN_UNUSED_VARIABLE = YES;
				MACOSX_DEPLOYMENT_TARGET = 10.11;
				MTL_ENABLE_DEBUG_INFO = YES;
				ONLY_ACTIVE_ARCH = YES;
				SDKROOT = macosx;
				SWIFT_OPTIMIZATION_LEVEL = "-Onone";
			};
			name = Debug;
		};
		FA7214111CDC0E5300ADD604 /* Release */ = {
			isa = XCBuildConfiguration;
			buildSettings = {
				ALWAYS_SEARCH_USER_PATHS = NO;
				CLANG_ANALYZER_NONNULL = YES;
				CLANG_CXX_LANGUAGE_STANDARD = "gnu++0x";
				CLANG_CXX_LIBRARY = "libc++";
				CLANG_ENABLE_MODULES = YES;
				CLANG_ENABLE_OBJC_ARC = YES;
				CLANG_WARN_BOOL_CONVERSION = YES;
				CLANG_WARN_CONSTANT_CONVERSION = YES;
				CLANG_WARN_DIRECT_OBJC_ISA_USAGE = YES_ERROR;
				CLANG_WARN_EMPTY_BODY = YES;
				CLANG_WARN_ENUM_CONVERSION = YES;
				CLANG_WARN_INT_CONVERSION = YES;
				CLANG_WARN_OBJC_ROOT_CLASS = YES_ERROR;
				CLANG_WARN_UNREACHABLE_CODE = YES;
				CLANG_WARN__DUPLICATE_METHOD_MATCH = YES;
				CODE_SIGN_IDENTITY = "-";
				COPY_PHASE_STRIP = NO;
				DEBUG_INFORMATION_FORMAT = "dwarf-with-dsym";
				ENABLE_NS_ASSERTIONS = NO;
				ENABLE_STRICT_OBJC_MSGSEND = YES;
				GCC_C_LANGUAGE_STANDARD = gnu99;
				GCC_NO_COMMON_BLOCKS = YES;
				GCC_WARN_64_TO_32_BIT_CONVERSION = YES;
				GCC_WARN_ABOUT_RETURN_TYPE = YES_ERROR;
				GCC_WARN_UNDECLARED_SELECTOR = YES;
				GCC_WARN_UNINITIALIZED_AUTOS = YES_AGGRESSIVE;
				GCC_WARN_UNUSED_FUNCTION = YES;
				GCC_WARN_UNUSED_VARIABLE = YES;
				MACOSX_DEPLOYMENT_TARGET = 10.11;
				MTL_ENABLE_DEBUG_INFO = NO;
				SDKROOT = macosx;
			};
			name = Release;
		};
		FA7214131CDC0E5300ADD604 /* Debug */ = {
			isa = XCBuildConfiguration;
			buildSettings = {
				PRODUCT_NAME = "$(TARGET_NAME)";
			};
			name = Debug;
		};
		FA7214141CDC0E5300ADD604 /* Release */ = {
			isa = XCBuildConfiguration;
			buildSettings = {
				PRODUCT_NAME = "$(TARGET_NAME)";
			};
			name = Release;
		};
/* End XCBuildConfiguration section */

/* Begin XCConfigurationList section */
		FA7214061CDC0E5300ADD604 /* Build configuration list for PBXProject "nine-mans-morris" */ = {
			isa = XCConfigurationList;
			buildConfigurations = (
				FA7214101CDC0E5300ADD604 /* Debug */,
				FA7214111CDC0E5300ADD604 /* Release */,
			);
			defaultConfigurationIsVisible = 0;
			defaultConfigurationName = Release;
		};
		FA7214121CDC0E5300ADD604 /* Build configuration list for PBXNativeTarget "nine-mans-morris" */ = {
			isa = XCConfigurationList;
			buildConfigurations = (
				FA7214131CDC0E5300ADD604 /* Debug */,
				FA7214141CDC0E5300ADD604 /* Release */,
			);
			defaultConfigurationIsVisible = 0;
			defaultConfigurationName = Release;
		};
/* End XCConfigurationList section */
	};
	rootObject = FA7214031CDC0E5300ADD604 /* Project object */;
}
